
Microsoft Visual Studio Solution File, Format Version 12.00
# Visual Studio Version 16
VisualStudioVersion = 16.0.31624.102
MinimumVisualStudioVersion = 10.0.40219.1
Project("{FAE04EC0-301F-11D3-BF4B-00C04F79EFBC}") = "MSAccessConverter", "MSAccessConverter\MSAccessConverter.csproj", "{C4752EC9-2680-4A7F-AB7A-3CBBD805D43B}"
EndProject
Global
	GlobalSection(SolutionConfigurationPlatforms) = preSolution
		Debug|Any CPU = Debug|Any CPU
		Release|Any CPU = Release|Any CPU
	EndGlobalSection
	GlobalSection(ProjectConfigurationPlatforms) = postSolution
		{C4752EC9-2680-4A7F-AB7A-3CBBD805D43B}.Debug|Any CPU.ActiveCfg = Debug|Any CPU
		{C4752EC9-2680-4A7F-AB7A-3CBBD805D43B}.Debug|Any CPU.Build.0 = Debug|Any CPU
		{C4752EC9-2680-4A7F-AB7A-3CBBD805D43B}.Release|Any CPU.ActiveCfg = Release|Any CPU
		{C4752EC9-2680-4A7F-AB7A-3CBBD805D43B}.Release|Any CPU.Build.0 = Release|Any CPU
	EndGlobalSection
	GlobalSection(SolutionProperties) = preSolution
		HideSolutionNode = FALSE
	EndGlobalSection
	GlobalSection(ExtensibilityGlobals) = postSolution
		SolutionGuid = {B3E8C5EF-B1F6-411E-9DC1-BB7FB17694D4}
	EndGlobalSection
EndGlobal
